
Microsoft Visual Studio Solution File, Format Version 12.00
# Visual Studio Version 16
VisualStudioVersion = 25.0.1704.4
MinimumVisualStudioVersion = 10.0.40219.1
Project("{FAE04EC0-301F-11D3-BF4B-00C04F79EFBC}") = "Slownictwo", "Slownictwo\Slownictwo.csproj", "{A5354DF6-ECC8-43EF-84A6-FD55B13C314F}"
EndProject
Project("{FAE04EC0-301F-11D3-BF4B-00C04F79EFBC}") = "Liczby", "Liczby\Liczby.csproj", "{715E6C18-563E-411B-AFE7-162B2137A3D5}"
EndProject
Project("{FAE04EC0-301F-11D3-BF4B-00C04F79EFBC}") = "Zmienne", "Zmienne\Zmienne.csproj", "{A7D42171-7638-423B-84E9-80C965FF4663}"
EndProject
Global
	GlobalSection(SolutionConfigurationPlatforms) = preSolution
		Debug|Any CPU = Debug|Any CPU
		Release|Any CPU = Release|Any CPU
	EndGlobalSection
	GlobalSection(ProjectConfigurationPlatforms) = postSolution
		{A5354DF6-ECC8-43EF-84A6-FD55B13C314F}.Debug|Any CPU.ActiveCfg = Debug|Any CPU
		{A5354DF6-ECC8-43EF-84A6-FD55B13C314F}.Debug|Any CPU.Build.0 = Debug|Any CPU
		{A5354DF6-ECC8-43EF-84A6-FD55B13C314F}.Release|Any CPU.ActiveCfg = Release|Any CPU
		{A5354DF6-ECC8-43EF-84A6-FD55B13C314F}.Release|Any CPU.Build.0 = Release|Any CPU
		{715E6C18-563E-411B-AFE7-162B2137A3D5}.Debug|Any CPU.ActiveCfg = Debug|Any CPU
		{715E6C18-563E-411B-AFE7-162B2137A3D5}.Debug|Any CPU.Build.0 = Debug|Any CPU
		{715E6C18-563E-411B-AFE7-162B2137A3D5}.Release|Any CPU.ActiveCfg = Release|Any CPU
		{715E6C18-563E-411B-AFE7-162B2137A3D5}.Release|Any CPU.Build.0 = Release|Any CPU
		{A7D42171-7638-423B-84E9-80C965FF4663}.Debug|Any CPU.ActiveCfg = Debug|Any CPU
		{A7D42171-7638-423B-84E9-80C965FF4663}.Debug|Any CPU.Build.0 = Debug|Any CPU
		{A7D42171-7638-423B-84E9-80C965FF4663}.Release|Any CPU.ActiveCfg = Release|Any CPU
		{A7D42171-7638-423B-84E9-80C965FF4663}.Release|Any CPU.Build.0 = Release|Any CPU
	EndGlobalSection
	GlobalSection(SolutionProperties) = preSolution
		HideSolutionNode = FALSE
	EndGlobalSection
	GlobalSection(ExtensibilityGlobals) = postSolution
		SolutionGuid = {493E2329-422C-4BD6-863C-CC7D7EC87827}
	EndGlobalSection
EndGlobal
